Microsoft Visual Studio Solution File, Format Version 12.00
# Visual Studio 14
VisualStudioVersion = 14.0.23107.0
MinimumVisualStudioVersion = 10.0.40219.1
Project("{656346D9-4656-40DA-A068-22D5425D4639}") = "DelphiRTL.Tests.Cooper", "DelphiRTL.Tests.Cooper.elements", "{0808EAD6-3C45-4830-A8B4-5D5AD5022293}"
EndProject
Project("{656346D9-4656-40DA-A068-22D5425D4639}") = "DelphiRTL.Tests.Echoes", "DelphiRTL.Tests.Echoes.elements", "{E482D4AE-E4F4-441E-B3C0-49ADB8832374}"
EndProject
Project("{656346D9-4656-40DA-A068-22D5425D4639}") = "DelphiRTL.Tests.Shared", "DelphiRTL.Tests.Shared.elements", "{737C0B8D-F33B-43F9-9C2F-ED382C8E3B48}"
EndProject
Project("{656346D9-4656-40DA-A068-22D5425D4639}") = "DelphiRTL.Tests.Toffee.iOS", "DelphiRTL.Tests.Toffee.iOS.elements", "{A4294C37-C9F1-4B5A-975B-C5530E0F27BD}"
EndProject
Project("{656346D9-4656-40DA-A068-22D5425D4639}") = "DelphiRTL.Tests.Toffee.macOS", "DelphiRTL.Tests.Toffee.macOS.elements", "{8494A862-244E-4913-B62F-B848D8709A01}"
EndProject
Global
	GlobalSection(SolutionConfigurationPlatforms) = preSolution
		Debug|AnyCPU = Debug|AnyCPU
		Release|AnyCPU = Release|AnyCPU
	EndGlobalSection
	GlobalSection(ProjectConfigurationPlatforms) = postSolution
		{0808EAD6-3C45-4830-A8B4-5D5AD5022293}.Debug|AnyCPU.ActiveCfg = Debug
		{0808EAD6-3C45-4830-A8B4-5D5AD5022293}.Debug|AnyCPU.Build.0 = Debug
		{0808EAD6-3C45-4830-A8B4-5D5AD5022293}.Release|AnyCPU.ActiveCfg = Release
		{0808EAD6-3C45-4830-A8B4-5D5AD5022293}.Release|AnyCPU.Build.0 = Release
		{E482D4AE-E4F4-441E-B3C0-49ADB8832374}.Debug|AnyCPU.ActiveCfg = Debug
		{E482D4AE-E4F4-441E-B3C0-49ADB8832374}.Debug|AnyCPU.Build.0 = Debug
		{E482D4AE-E4F4-441E-B3C0-49ADB8832374}.Release|AnyCPU.ActiveCfg = Release
		{E482D4AE-E4F4-441E-B3C0-49ADB8832374}.Release|AnyCPU.Build.0 = Release
		{737C0B8D-F33B-43F9-9C2F-ED382C8E3B48}.Debug|AnyCPU.ActiveCfg = Debug|AnyCPU
		{737C0B8D-F33B-43F9-9C2F-ED382C8E3B48}.Release|AnyCPU.ActiveCfg = Release|AnyCPU
		{A4294C37-C9F1-4B5A-975B-C5530E0F27BD}.Debug|AnyCPU.ActiveCfg = Debug
		{A4294C37-C9F1-4B5A-975B-C5530E0F27BD}.Debug|AnyCPU.Build.0 = Debug
		{A4294C37-C9F1-4B5A-975B-C5530E0F27BD}.Release|AnyCPU.ActiveCfg = Release
		{A4294C37-C9F1-4B5A-975B-C5530E0F27BD}.Release|AnyCPU.Build.0 = Release
		{8494A862-244E-4913-B62F-B848D8709A01}.Debug|AnyCPU.ActiveCfg = Debug
		{8494A862-244E-4913-B62F-B848D8709A01}.Debug|AnyCPU.Build.0 = Debug
		{8494A862-244E-4913-B62F-B848D8709A01}.Release|AnyCPU.ActiveCfg = Release
		{8494A862-244E-4913-B62F-B848D8709A01}.Release|AnyCPU.Build.0 = Release
	EndGlobalSection
	GlobalSection(SolutionProperties) = preSolution
		HideSolutionNode = FALSE
	EndGlobalSection
EndGlobal
