
Microsoft Visual Studio Solution File, Format Version 12.00
# RemObjects Water
Project("{656346D9-4656-40DA-A068-22D5425D4639}") = "ProjectRCL", "ProjectRCL.elements", "{F8CCC42D-68E3-4708-9C96-A85F0AD63095}"
EndProject
Project("{656346D9-4656-40DA-A068-22D5425D4639}") = "ProjectRCL-Mac", "ProjectRCL-Mac\ProjectRCL-Mac.elements", "{30EBF31A-6F0F-4E33-BA92-51174DA67575}"
EndProject
Project("{656346D9-4656-40DA-A068-22D5425D4639}") = "ProjectRCL-WebAssembly", "ProjectRCL-WebAssembly\ProjectRCL-WebAssembly.elements", "{D7B1C184-E5F3-4D08-99E4-A7ECE64331CB}"
EndProject
Project("{656346D9-4656-40DA-A068-22D5425D4639}") = "ProjectRCL-WPF", "ProjectRCL-WPF\ProjectRCL-WPF.elements", "{FD73BC12-8AB0-4A8B-BA64-69F37508B442}"
EndProject
Global
	GlobalSection(SolutionConfigurationPlatforms) = preSolution
		Debug|AnyCPU = Debug|AnyCPU
		Release|AnyCPU = Release|AnyCPU
	EndGlobalSection
	GlobalSection(ProjectConfigurationPlatforms) = postSolution
		{F8CCC42D-68E3-4708-9C96-A85F0AD63095}.Debug|AnyCPU.ActiveCfg = Debug|AnyCPU
		{F8CCC42D-68E3-4708-9C96-A85F0AD63095}.Debug|AnyCPU.Build.0 = Debug|AnyCPU
		{F8CCC42D-68E3-4708-9C96-A85F0AD63095}.Release|AnyCPU.ActiveCfg = Release|AnyCPU
		{F8CCC42D-68E3-4708-9C96-A85F0AD63095}.Release|AnyCPU.Build.0 = Release|AnyCPU
		{30EBF31A-6F0F-4E33-BA92-51174DA67575}.Debug|AnyCPU.ActiveCfg = Debug|AnyCPU
		{30EBF31A-6F0F-4E33-BA92-51174DA67575}.Debug|AnyCPU.Build.0 = Debug|AnyCPU
		{30EBF31A-6F0F-4E33-BA92-51174DA67575}.Release|AnyCPU.ActiveCfg = Release|AnyCPU
		{30EBF31A-6F0F-4E33-BA92-51174DA67575}.Release|AnyCPU.Build.0 = Release|AnyCPU
		{D7B1C184-E5F3-4D08-99E4-A7ECE64331CB}.Debug|AnyCPU.ActiveCfg = Debug|AnyCPU
		{D7B1C184-E5F3-4D08-99E4-A7ECE64331CB}.Debug|AnyCPU.Build.0 = Debug|AnyCPU
		{D7B1C184-E5F3-4D08-99E4-A7ECE64331CB}.Release|AnyCPU.ActiveCfg = Release|AnyCPU
		{D7B1C184-E5F3-4D08-99E4-A7ECE64331CB}.Release|AnyCPU.Build.0 = Release|AnyCPU
		{FD73BC12-8AB0-4A8B-BA64-69F37508B442}.Debug|AnyCPU.ActiveCfg = Debug|AnyCPU
		{FD73BC12-8AB0-4A8B-BA64-69F37508B442}.Debug|AnyCPU.Build.0 = Debug|AnyCPU
		{FD73BC12-8AB0-4A8B-BA64-69F37508B442}.Release|AnyCPU.ActiveCfg = Release|AnyCPU
		{FD73BC12-8AB0-4A8B-BA64-69F37508B442}.Release|AnyCPU.Build.0 = Release|AnyCPU
	EndGlobalSection
	GlobalSection(SolutionProperties) = preSolution
		HideSolutionNode = FALSE
	EndGlobalSection
EndGlobal