
Microsoft Visual Studio Solution File, Format Version 12.00
# RemObjects Fire
Project("{656346D9-4656-40DA-A068-22D5425D4639}") = "DelphiRTL.All", "DelphiRTL.All.elements", "{EADD178D-DD01-4F3A-B93D-FDD263D7A19D}"
EndProject
Project("{656346D9-4656-40DA-A068-22D5425D4639}") = "DelphiRTL.Shared", "DelphiRTL.Shared.elements", "{422C7732-516B-4349-88E8-7F01BA91FF08}"
EndProject
Global
	GlobalSection(SolutionConfigurationPlatforms) = preSolution
		Debug|AnyCPU = Debug|AnyCPU
		Release|AnyCPU = Release|AnyCPU
	EndGlobalSection
	GlobalSection(ProjectConfigurationPlatforms) = postSolution
		{EADD178D-DD01-4F3A-B93D-FDD263D7A19D}.Debug|AnyCPU.ActiveCfg = Debug|AnyCPU
		{EADD178D-DD01-4F3A-B93D-FDD263D7A19D}.Debug|AnyCPU.Build.0 = Debug|AnyCPU
		{EADD178D-DD01-4F3A-B93D-FDD263D7A19D}.Release|AnyCPU.ActiveCfg = Release|AnyCPU
		{EADD178D-DD01-4F3A-B93D-FDD263D7A19D}.Release|AnyCPU.Build.0 = Release|AnyCPU
	EndGlobalSection
	GlobalSection(SolutionProperties) = preSolution
		HideSolutionNode = FALSE
	EndGlobalSection
EndGlobal