Microsoft Visual Studio Solution File, Format Version 12.00
# Visual Studio 14
VisualStudioVersion = 14.0.25420.1
MinimumVisualStudioVersion = 10.0.40219.1
Project("{656346D9-4656-40DA-A068-22D5425D4639}") = "DelphiRTL.Cooper", "DelphiRTL.Cooper.elements", "{5EB6180E-7F22-4174-887B-EA1C3469A61C}"
EndProject
Project("{656346D9-4656-40DA-A068-22D5425D4639}") = "DelphiRTL.Echoes", "DelphiRTL.Echoes.elements", "{FBDC9976-99B1-48CC-86BE-462604458DB6}"
EndProject
Project("{656346D9-4656-40DA-A068-22D5425D4639}") = "DelphiRTL.Gotham", "DelphiRTL.Gotham.elements", "{EADD178D-DD01-4F3A-B93D-FDD263D7A19D}"
EndProject
Project("{656346D9-4656-40DA-A068-22D5425D4639}") = "DelphiRTL.Island.Linux", "DelphiRTL.Island.Linux.elements", "{A3390279-D9EC-4511-899A-AEDEBBF4CF71}"
EndProject
Project("{656346D9-4656-40DA-A068-22D5425D4639}") = "DelphiRTL.Island.Windows", "DelphiRTL.Island.Windows.elements", "{8AB5CDC7-D735-4564-9FE5-1BD911E8100A}"
EndProject
Project("{656346D9-4656-40DA-A068-22D5425D4639}") = "DelphiRTL.Shared", "DelphiRTL.Shared.elements", "{422C7732-516B-4349-88E8-7F01BA91FF08}"
EndProject
Project("{656346D9-4656-40DA-A068-22D5425D4639}") = "DelphiRTL.Toffee.iOS", "DelphiRTL.Toffee.iOS.elements", "{632E0AD5-142E-4DB0-A8AC-2AB8E2D29BC4}"
EndProject
Project("{656346D9-4656-40DA-A068-22D5425D4639}") = "DelphiRTL.Toffee.macOS", "DelphiRTL.Toffee.macOS.elements", "{014A45CE-7C50-4A22-9D4D-A617F535907F}"
EndProject
Project("{656346D9-4656-40DA-A068-22D5425D4639}") = "DelphiRTL.Toffee.tvOS", "DelphiRTL.Toffee.tvOS.elements", "{F7CD09C9-64D0-4BAE-BF53-D6189F056AD8}"
EndProject
Project("{656346D9-4656-40DA-A068-22D5425D4639}") = "DelphiRTL.Toffee.watchOS", "DelphiRTL.Toffee.watchOS.elements", "{AB2B6666-8D9E-4B25-83F9-375DA1AEBC16}"
EndProject
Global
	GlobalSection(SolutionConfigurationPlatforms) = preSolution
		Debug|AnyCPU = Debug|AnyCPU
		Release|AnyCPU = Release|AnyCPU
	EndGlobalSection
	GlobalSection(ProjectConfigurationPlatforms) = postSolution
		{5EB6180E-7F22-4174-887B-EA1C3469A61C}.Debug|AnyCPU.ActiveCfg = Debug
		{5EB6180E-7F22-4174-887B-EA1C3469A61C}.Debug|AnyCPU.Build.0 = Debug
		{5EB6180E-7F22-4174-887B-EA1C3469A61C}.Release|AnyCPU.ActiveCfg = Release
		{5EB6180E-7F22-4174-887B-EA1C3469A61C}.Release|AnyCPU.Build.0 = Release
		{FBDC9976-99B1-48CC-86BE-462604458DB6}.Debug|AnyCPU.ActiveCfg = Debug
		{FBDC9976-99B1-48CC-86BE-462604458DB6}.Debug|AnyCPU.Build.0 = Debug
		{FBDC9976-99B1-48CC-86BE-462604458DB6}.Release|AnyCPU.ActiveCfg = Release
		{FBDC9976-99B1-48CC-86BE-462604458DB6}.Release|AnyCPU.Build.0 = Release
		{EADD178D-DD01-4F3A-B93D-FDD263D7A19D}.Debug|AnyCPU.ActiveCfg = Debug|AnyCPU
		{EADD178D-DD01-4F3A-B93D-FDD263D7A19D}.Debug|AnyCPU.Build.0 = Debug|AnyCPU
		{EADD178D-DD01-4F3A-B93D-FDD263D7A19D}.Release|AnyCPU.ActiveCfg = Release|AnyCPU
		{EADD178D-DD01-4F3A-B93D-FDD263D7A19D}.Release|AnyCPU.Build.0 = Release|AnyCPU
		{A3390279-D9EC-4511-899A-AEDEBBF4CF71}.Debug|AnyCPU.ActiveCfg = Debug
		{A3390279-D9EC-4511-899A-AEDEBBF4CF71}.Debug|AnyCPU.Build.0 = Debug
		{A3390279-D9EC-4511-899A-AEDEBBF4CF71}.Release|AnyCPU.ActiveCfg = Release
		{A3390279-D9EC-4511-899A-AEDEBBF4CF71}.Release|AnyCPU.Build.0 = Release
		{8AB5CDC7-D735-4564-9FE5-1BD911E8100A}.Debug|AnyCPU.ActiveCfg = Debug
		{8AB5CDC7-D735-4564-9FE5-1BD911E8100A}.Debug|AnyCPU.Build.0 = Debug
		{8AB5CDC7-D735-4564-9FE5-1BD911E8100A}.Release|AnyCPU.ActiveCfg = Release
		{8AB5CDC7-D735-4564-9FE5-1BD911E8100A}.Release|AnyCPU.Build.0 = Release
		{422C7732-516B-4349-88E8-7F01BA91FF08}.Debug|AnyCPU.ActiveCfg = Debug|AnyCPU
		{422C7732-516B-4349-88E8-7F01BA91FF08}.Release|AnyCPU.ActiveCfg = Release|AnyCPU
		{632E0AD5-142E-4DB0-A8AC-2AB8E2D29BC4}.Debug|AnyCPU.ActiveCfg = Debug
		{632E0AD5-142E-4DB0-A8AC-2AB8E2D29BC4}.Debug|AnyCPU.Build.0 = Debug
		{632E0AD5-142E-4DB0-A8AC-2AB8E2D29BC4}.Release|AnyCPU.ActiveCfg = Release
		{632E0AD5-142E-4DB0-A8AC-2AB8E2D29BC4}.Release|AnyCPU.Build.0 = Release
		{014A45CE-7C50-4A22-9D4D-A617F535907F}.Debug|AnyCPU.ActiveCfg = Debug
		{014A45CE-7C50-4A22-9D4D-A617F535907F}.Debug|AnyCPU.Build.0 = Debug
		{014A45CE-7C50-4A22-9D4D-A617F535907F}.Release|AnyCPU.ActiveCfg = Release
		{014A45CE-7C50-4A22-9D4D-A617F535907F}.Release|AnyCPU.Build.0 = Release
		{F7CD09C9-64D0-4BAE-BF53-D6189F056AD8}.Debug|AnyCPU.ActiveCfg = Debug
		{F7CD09C9-64D0-4BAE-BF53-D6189F056AD8}.Debug|AnyCPU.Build.0 = Debug
		{F7CD09C9-64D0-4BAE-BF53-D6189F056AD8}.Release|AnyCPU.ActiveCfg = Release
		{F7CD09C9-64D0-4BAE-BF53-D6189F056AD8}.Release|AnyCPU.Build.0 = Release
		{AB2B6666-8D9E-4B25-83F9-375DA1AEBC16}.Debug|AnyCPU.ActiveCfg = Debug
		{AB2B6666-8D9E-4B25-83F9-375DA1AEBC16}.Debug|AnyCPU.Build.0 = Debug
		{AB2B6666-8D9E-4B25-83F9-375DA1AEBC16}.Release|AnyCPU.ActiveCfg = Release
		{AB2B6666-8D9E-4B25-83F9-375DA1AEBC16}.Release|AnyCPU.Build.0 = Release
	EndGlobalSection
	GlobalSection(SolutionProperties) = preSolution
		HideSolutionNode = FALSE
	EndGlobalSection
EndGlobal
