
Microsoft Visual Studio Solution File, Format Version 12.00
# RemObjects Fire
Project("{656346D9-4656-40DA-A068-22D5425D4639}") = "DelphiRTL", "DelphiRTL.elements", "{EADD178D-DD01-4F3A-B93D-FDD263D7A19D}"
EndProject
Project("{656346D9-4656-40DA-A068-22D5425D4639}") = "DelphiRTL.Shared", "DelphiRTL.Shared.elements", "{422C7732-516B-4349-88E8-7F01BA91FF08}"
EndProject
Project("{656346D9-4656-40DA-A068-22D5425D4639}") = "DelphiRTL.Shared.VCL", "DelphiRTL.Shared.VCL.elements", "{0E930F04-C7D3-43B2-81B9-6BBC40FE20A5}"
EndProject
Project("{656346D9-4656-40DA-A068-22D5425D4639}") = "DelphiVCL", "DelphiVCL.elements", "{D3DFB8BC-1496-4781-A36B-6649C8E98C1F}"
EndProject
Global
	GlobalSection(SolutionConfigurationPlatforms) = preSolution
		Debug|AnyCPU = Debug|AnyCPU
		Release|AnyCPU = Release|AnyCPU
	EndGlobalSection
	GlobalSection(ProjectConfigurationPlatforms) = postSolution
		{EADD178D-DD01-4F3A-B93D-FDD263D7A19D}.Debug|AnyCPU.ActiveCfg = Debug|AnyCPU
		{EADD178D-DD01-4F3A-B93D-FDD263D7A19D}.Debug|AnyCPU.Build.0 = Debug|AnyCPU
		{EADD178D-DD01-4F3A-B93D-FDD263D7A19D}.Release|AnyCPU.ActiveCfg = Release|AnyCPU
		{EADD178D-DD01-4F3A-B93D-FDD263D7A19D}.Release|AnyCPU.Build.0 = Release|AnyCPU
		{D3DFB8BC-1496-4781-A36B-6649C8E98C1F}.Debug|AnyCPU.ActiveCfg = Debug|AnyCPU
		{D3DFB8BC-1496-4781-A36B-6649C8E98C1F}.Debug|AnyCPU.Build.0 = Debug|AnyCPU
		{D3DFB8BC-1496-4781-A36B-6649C8E98C1F}.Release|AnyCPU.ActiveCfg = Release|AnyCPU
		{D3DFB8BC-1496-4781-A36B-6649C8E98C1F}.Release|AnyCPU.Build.0 = Release|AnyCPU
	EndGlobalSection
	GlobalSection(SolutionProperties) = preSolution
		HideSolutionNode = FALSE
	EndGlobalSection
EndGlobal